// !$*UTF8*$!
{
	archiveVersion = 1;
	classes = {
	};
	objectVersion = 50;
	objects = {

/* Begin PBXBuildFile section */
		B501E39426CA9A4F00E25D4F /* GifView_SwiftUIApp.swift in Sources */ = {isa = PBXBuildFile; fileRef = B501E39326CA9A4F00E25D4F /* GifView_SwiftUIApp.swift */; };
		B501E39626CA9A4F00E25D4F /* ContentView.swift in Sources */ = {isa = PBXBuildFile; fileRef = B501E39526CA9A4F00E25D4F /* ContentView.swift */; };
		B501E39826CA9A5200E25D4F /* Assets.xcassets in Resources */ = {isa = PBXBuildFile; fileRef = B501E39726CA9A5200E25D4F /* Assets.xcassets */; };
		B501E39B26CA9A5200E25D4F /* Preview Assets.xcassets in Resources */ = {isa = PBXBuildFile; fileRef = B501E39A26CA9A5200E25D4F /* Preview Assets.xcassets */; };
		B55E022D26CA9D9600DF5F11 /* pokeball.gif in Resources */ = {isa = PBXBuildFile; fileRef = B55E022C26CA9D9600DF5F11 /* pokeball.gif */; };
		B5D9C0CA26CA9E2500DB230A /* GifImage.swift in Sources */ = {isa = PBXBuildFile; fileRef = B5D9C0C926CA9E2500DB230A /* GifImage.swift */; };
/* End PBXBuildFile section */

/* Begin PBXFileReference section */
		B501E39026CA9A4E00E25D4F /* GifView_SwiftUI.app */ = {isa = PBXFileReference; explicitFileType = wrapper.application; includeInIndex = 0; path = GifView_SwiftUI.app; sourceTree = BUILT_PRODUCTS_DIR; };
		B501E39326CA9A4F00E25D4F /* GifView_SwiftUIApp.swift */ = {isa = PBXFileReference; lastKnownFileType = sourcecode.swift; path = GifView_SwiftUIApp.swift; sourceTree = "<group>"; };
		B501E39526CA9A4F00E25D4F /* ContentView.swift */ = {isa = PBXFileReference; lastKnownFileType = sourcecode.swift; path = ContentView.swift; sourceTree = "<group>"; };
		B501E39726CA9A5200E25D4F /* Assets.xcassets */ = {isa = PBXFileReference; lastKnownFileType = folder.assetcatalog; path = Assets.xcassets; sourceTree = "<group>"; };
		B501E39A26CA9A5200E25D4F /* Preview Assets.xcassets */ = {isa = PBXFileReference; lastKnownFileType = folder.assetcatalog; path = "Preview Assets.xcassets"; sourceTree = "<group>"; };
		B501E39C26CA9A5200E25D4F /* Info.plist */ = {isa = PBXFileReference; lastKnownFileType = text.plist.xml; path = Info.plist; sourceTree = "<group>"; };
		B55E022C26CA9D9600DF5F11 /* pokeball.gif */ = {isa = PBXFileReference; lastKnownFileType = image.gif; path = pokeball.gif; sourceTree = "<group>"; };
		B5D9C0C926CA9E2500DB230A /* GifImage.swift */ = {isa = PBXFileReference; fileEncoding = 4; lastKnownFileType = sourcecode.swift; path = GifImage.swift; sourceTree = "<group>"; };
/* End PBXFileReference section */

/* Begin PBXFrameworksBuildPhase section */
		B501E38D26CA9A4E00E25D4F /* Frameworks */ = {
			isa = PBXFrameworksBuildPhase;
			buildActionMask = 2147483647;
			files = (
			);
			runOnlyForDeploymentPostprocessing = 0;
		};
/* End PBXFrameworksBuildPhase section */

/* Begin PBXGroup section */
		B501E38726CA9A4E00E25D4F = {
			isa = PBXGroup;
			children = (
				B501E39226CA9A4E00E25D4F /* GifView_SwiftUI */,
				B501E39126CA9A4E00E25D4F /* Products */,
			);
			sourceTree = "<group>";
		};
		B501E39126CA9A4E00E25D4F /* Products */ = {
			isa = PBXGroup;
			children = (
				B501E39026CA9A4E00E25D4F /* GifView_SwiftUI.app */,
			);
			name = Products;
			sourceTree = "<group>";
		};
		B501E39226CA9A4E00E25D4F /* GifView_SwiftUI */ = {
			isa = PBXGroup;
			children = (
				B5D9C0C926CA9E2500DB230A /* GifImage.swift */,
				B55E022C26CA9D9600DF5F11 /* pokeball.gif */,
				B501E39326CA9A4F00E25D4F /* GifView_SwiftUIApp.swift */,
				B501E39526CA9A4F00E25D4F /* ContentView.swift */,
				B501E39726CA9A5200E25D4F /* Assets.xcassets */,
				B501E39C26CA9A5200E25D4F /* Info.plist */,
				B501E39926CA9A5200E25D4F /* Preview Content */,
			);
			path = GifView_SwiftUI;
			sourceTree = "<group>";
		};
		B501E39926CA9A5200E25D4F /* Preview Content */ = {
			isa = PBXGroup;
			children = (
				B501E39A26CA9A5200E25D4F /* Preview Assets.xcassets */,
			);
			path = "Preview Content";
			sourceTree = "<group>";
		};
/* End PBXGroup section */

/* Begin PBXNativeTarget section */
		B501E38F26CA9A4E00E25D4F /* GifView_SwiftUI */ = {
			isa = PBXNativeTarget;
			buildConfigurationList = B501E39F26CA9A5200E25D4F /* Build configuration list for PBXNativeTarget "GifView_SwiftUI" */;
			buildPhases = (
				B501E38C26CA9A4E00E25D4F /* Sources */,
				B501E38D26CA9A4E00E25D4F /* Frameworks */,
				B501E38E26CA9A4E00E25D4F /* Resources */,
			);
			buildRules = (
			);
			dependencies = (
			);
			name = GifView_SwiftUI;
			productName = GifView_SwiftUI;
			productReference = B501E39026CA9A4E00E25D4F /* GifView_SwiftUI.app */;
			productType = "com.apple.product-type.application";
		};
/* End PBXNativeTarget section */

/* Begin PBXProject section */
		B501E38826CA9A4E00E25D4F /* Project object */ = {
			isa = PBXProject;
			attributes = {
				LastSwiftUpdateCheck = 1250;
				LastUpgradeCheck = 1250;
				TargetAttributes = {
					B501E38F26CA9A4E00E25D4F = {
						CreatedOnToolsVersion = 12.5;
					};
				};
			};
			buildConfigurationList = B501E38B26CA9A4E00E25D4F /* Build configuration list for PBXProject "GifView_SwiftUI" */;
			compatibilityVersion = "Xcode 9.3";
			developmentRegion = en;
			hasScannedForEncodings = 0;
			knownRegions = (
				en,
				Base,
			);
			mainGroup = B501E38726CA9A4E00E25D4F;
			productRefGroup = B501E39126CA9A4E00E25D4F /* Products */;
			projectDirPath = "";
			projectRoot = "";
			targets = (
				B501E38F26CA9A4E00E25D4F /* GifView_SwiftUI */,
			);
		};
/* End PBXProject section */

/* Begin PBXResourcesBuildPhase section */
		B501E38E26CA9A4E00E25D4F /* Resources */ = {
			isa = PBXResourcesBuildPhase;
			buildActionMask = 2147483647;
			files = (
				B55E022D26CA9D9600DF5F11 /* pokeball.gif in Resources */,
				B501E39B26CA9A5200E25D4F /* Preview Assets.xcassets in Resources */,
				B501E39826CA9A5200E25D4F /* Assets.xcassets in Resources */,
			);
			runOnlyForDeploymentPostprocessing = 0;
		};
/* End PBXResourcesBuildPhase section */

/* Begin PBXSourcesBuildPhase section */
		B501E38C26CA9A4E00E25D4F /* Sources */ = {
			isa = PBXSourcesBuildPhase;
			buildActionMask = 2147483647;
			files = (
				B501E39626CA9A4F00E25D4F /* ContentView.swift in Sources */,
				B5D9C0CA26CA9E2500DB230A /* GifImage.swift in Sources */,
				B501E39426CA9A4F00E25D4F /* GifView_SwiftUIApp.swift in Sources */,
			);
			runOnlyForDeploymentPostprocessing = 0;
		};
/* End PBXSourcesBuildPhase section */

/* Begin XCBuildConfiguration section */
		B501E39D26CA9A5200E25D4F /* Debug */ = {
			isa = XCBuildConfiguration;
			buildSettings = {
				ALWAYS_SEARCH_USER_PATHS = NO;
				CLANG_ANALYZER_NONNULL = YES;
				CLANG_ANALYZER_NUMBER_OBJECT_CONVERSION = YES_AGGRESSIVE;
				CLANG_CXX_LANGUAGE_STANDARD = "gnu++14";
				CLANG_CXX_LIBRARY = "libc++";
				CLANG_ENABLE_MODULES = YES;
				CLANG_ENABLE_OBJC_ARC = YES;
				CLANG_ENABLE_OBJC_WEAK = YES;
				CLANG_WARN_BLOCK_CAPTURE_AUTORELEASING = YES;
				CLANG_WARN_BOOL_CONVERSION = YES;
				CLANG_WARN_COMMA = YES;
				CLANG_WARN_CONSTANT_CONVERSION = YES;
				CLANG_WARN_DEPRECATED_OBJC_IMPLEMENTATIONS = YES;
				CLANG_WARN_DIRECT_OBJC_ISA_USAGE = YES_ERROR;
				CLANG_WARN_DOCUMENTATION_COMMENTS = YES;
				CLANG_WARN_EMPTY_BODY = YES;
				CLANG_WARN_ENUM_CONVERSION = YES;
				CLANG_WARN_INFINITE_RECURSION = YES;
				CLANG_WARN_INT_CONVERSION = YES;
				CLANG_WARN_NON_LITERAL_NULL_CONVERSION = YES;
				CLANG_WARN_OBJC_IMPLICIT_RETAIN_SELF = YES;
				CLANG_WARN_OBJC_LITERAL_CONVERSION = YES;
				CLANG_WARN_OBJC_ROOT_CLASS = YES_ERROR;
				CLANG_WARN_QUOTED_INCLUDE_IN_FRAMEWORK_HEADER = YES;
				CLANG_WARN_RANGE_LOOP_ANALYSIS = YES;
				CLANG_WARN_STRICT_PROTOTYPES = YES;
				CLANG_WARN_SUSPICIOUS_MOVE = YES;
				CLANG_WARN_UNGUARDED_AVAILABILITY = YES_AGGRESSIVE;
				CLANG_WARN_UNREACHABLE_CODE = YES;
				CLANG_WARN__DUPLICATE_METHOD_MATCH = YES;
				COPY_PHASE_STRIP = NO;
				DEBUG_INFORMATION_FORMAT = dwarf;
				ENABLE_STRICT_OBJC_MSGSEND = YES;
				ENABLE_TESTABILITY = YES;
				GCC_C_LANGUAGE_STANDARD = gnu11;
				GCC_DYNAMIC_NO_PIC = NO;
				GCC_NO_COMMON_BLOCKS = YES;
				GCC_OPTIMIZATION_LEVEL = 0;
				GCC_PREPROCESSOR_DEFINITIONS = (
					"DEBUG=1",
					"$(inherited)",
				);
				GCC_WARN_64_TO_32_BIT_CONVERSION = YES;
				GCC_WARN_ABOUT_RETURN_TYPE = YES_ERROR;
				GCC_WARN_UNDECLARED_SELECTOR = YES;
				GCC_WARN_UNINITIALIZED_AUTOS = YES_AGGRESSIVE;
				GCC_WARN_UNUSED_FUNCTION = YES;
				GCC_WARN_UNUSED_VARIABLE = YES;
				IPHONEOS_DEPLOYMENT_TARGET = 14.5;
				MTL_ENABLE_DEBUG_INFO = INCLUDE_SOURCE;
				MTL_FAST_MATH = YES;
				ONLY_ACTIVE_ARCH = YES;
				SDKROOT = iphoneos;
				SWIFT_ACTIVE_COMPILATION_CONDITIONS = DEBUG;
				SWIFT_OPTIMIZATION_LEVEL = "-Onone";
			};
			name = Debug;
		};
		B501E39E26CA9A5200E25D4F /* Release */ = {
			isa = XCBuildConfiguration;
			buildSettings = {
				ALWAYS_SEARCH_USER_PATHS = NO;
				CLANG_ANALYZER_NONNULL = YES;
				CLANG_ANALYZER_NUMBER_OBJECT_CONVERSION = YES_AGGRESSIVE;
				CLANG_CXX_LANGUAGE_STANDARD = "gnu++14";
				CLANG_CXX_LIBRARY = "libc++";
				CLANG_ENABLE_MODULES = YES;
				CLANG_ENABLE_OBJC_ARC = YES;
				CLANG_ENABLE_OBJC_WEAK = YES;
				CLANG_WARN_BLOCK_CAPTURE_AUTORELEASING = YES;
				CLANG_WARN_BOOL_CONVERSION = YES;
				CLANG_WARN_COMMA = YES;
				CLANG_WARN_CONSTANT_CONVERSION = YES;
				CLANG_WARN_DEPRECATED_OBJC_IMPLEMENTATIONS = YES;
				CLANG_WARN_DIRECT_OBJC_ISA_USAGE = YES_ERROR;
				CLANG_WARN_DOCUMENTATION_COMMENTS = YES;
				CLANG_WARN_EMPTY_BODY = YES;
				CLANG_WARN_ENUM_CONVERSION = YES;
				CLANG_WARN_INFINITE_RECURSION = YES;
				CLANG_WARN_INT_CONVERSION = YES;
				CLANG_WARN_NON_LITERAL_NULL_CONVERSION = YES;
				CLANG_WARN_OBJC_IMPLICIT_RETAIN_SELF = YES;
				CLANG_WARN_OBJC_LITERAL_CONVERSION = YES;
				CLANG_WARN_OBJC_ROOT_CLASS = YES_ERROR;
				CLANG_WARN_QUOTED_INCLUDE_IN_FRAMEWORK_HEADER = YES;
				CLANG_WARN_RANGE_LOOP_ANALYSIS = YES;
				CLANG_WARN_STRICT_PROTOTYPES = YES;
				CLANG_WARN_SUSPICIOUS_MOVE = YES;
				CLANG_WARN_UNGUARDED_AVAILABILITY = YES_AGGRESSIVE;
				CLANG_WARN_UNREACHABLE_CODE = YES;
				CLANG_WARN__DUPLICATE_METHOD_MATCH = YES;
				COPY_PHASE_STRIP = NO;
				DEBUG_INFORMATION_FORMAT = "dwarf-with-dsym";
				ENABLE_NS_ASSERTIONS = NO;
				ENABLE_STRICT_OBJC_MSGSEND = YES;
				GCC_C_LANGUAGE_STANDARD = gnu11;
				GCC_NO_COMMON_BLOCKS = YES;
				GCC_WARN_64_TO_32_BIT_CONVERSION = YES;
				GCC_WARN_ABOUT_RETURN_TYPE = YES_ERROR;
				GCC_WARN_UNDECLARED_SELECTOR = YES;
				GCC_WARN_UNINITIALIZED_AUTOS = YES_AGGRESSIVE;
				GCC_WARN_UNUSED_FUNCTION = YES;
				GCC_WARN_UNUSED_VARIABLE = YES;
				IPHONEOS_DEPLOYMENT_TARGET = 14.5;
				MTL_ENABLE_DEBUG_INFO = NO;
				MTL_FAST_MATH = YES;
				SDKROOT = iphoneos;
				SWIFT_COMPILATION_MODE = wholemodule;
				SWIFT_OPTIMIZATION_LEVEL = "-O";
				VALIDATE_PRODUCT = YES;
			};
			name = Release;
		};
		B501E3A026CA9A5200E25D4F /* Debug */ = {
			isa = XCBuildConfiguration;
			buildSettings = {
				ASSETCATALOG_COMPILER_APPICON_NAME = AppIcon;
				ASSETCATALOG_COMPILER_GLOBAL_ACCENT_COLOR_NAME = AccentColor;
				CODE_SIGN_STYLE = Automatic;
				DEVELOPMENT_ASSET_PATHS = "\"GifView_SwiftUI/Preview Content\"";
				ENABLE_PREVIEWS = YES;
				INFOPLIST_FILE = GifView_SwiftUI/Info.plist;
				IPHONEOS_DEPLOYMENT_TARGET = 14.0;
				LD_RUNPATH_SEARCH_PATHS = (
					"$(inherited)",
					"@executable_path/Frameworks",
				);
				PRODUCT_BUNDLE_IDENTIFIER = "com.swiftandtips.GifView-SwiftUI";
				PRODUCT_NAME = "$(TARGET_NAME)";
				SWIFT_VERSION = 5.0;
				TARGETED_DEVICE_FAMILY = "1,2";
			};
			name = Debug;
		};
		B501E3A126CA9A5200E25D4F /* Release */ = {
			isa = XCBuildConfiguration;
			buildSettings = {
				ASSETCATALOG_COMPILER_APPICON_NAME = AppIcon;
				ASSETCATALOG_COMPILER_GLOBAL_ACCENT_COLOR_NAME = AccentColor;
				CODE_SIGN_STYLE = Automatic;
				DEVELOPMENT_ASSET_PATHS = "\"GifView_SwiftUI/Preview Content\"";
				ENABLE_PREVIEWS = YES;
				INFOPLIST_FILE = GifView_SwiftUI/Info.plist;
				IPHONEOS_DEPLOYMENT_TARGET = 14.0;
				LD_RUNPATH_SEARCH_PATHS = (
					"$(inherited)",
					"@executable_path/Frameworks",
				);
				PRODUCT_BUNDLE_IDENTIFIER = "com.swiftandtips.GifView-SwiftUI";
				PRODUCT_NAME = "$(TARGET_NAME)";
				SWIFT_VERSION = 5.0;
				TARGETED_DEVICE_FAMILY = "1,2";
			};
			name = Release;
		};
/* End XCBuildConfiguration section */

/* Begin XCConfigurationList section */
		B501E38B26CA9A4E00E25D4F /* Build configuration list for PBXProject "GifView_SwiftUI" */ = {
			isa = XCConfigurationList;
			buildConfigurations = (
				B501E39D26CA9A5200E25D4F /* Debug */,
				B501E39E26CA9A5200E25D4F /* Release */,
			);
			defaultConfigurationIsVisible = 0;
			defaultConfigurationName = Release;
		};
		B501E39F26CA9A5200E25D4F /* Build configuration list for PBXNativeTarget "GifView_SwiftUI" */ = {
			isa = XCConfigurationList;
			buildConfigurations = (
				B501E3A026CA9A5200E25D4F /* Debug */,
				B501E3A126CA9A5200E25D4F /* Release */,
			);
			defaultConfigurationIsVisible = 0;
			defaultConfigurationName = Release;
		};
/* End XCConfigurationList section */
	};
	rootObject = B501E38826CA9A4E00E25D4F /* Project object */;
}
